PODS:
  - Alamofire (1.2.3)
  - Nimble (2.0.0-rc.1)
  - Quick (0.5.0)

DEPENDENCIES:
  - Alamofire (from `https://github.com/Alamofire/Alamofire.git`, branch `swift-2.0`)
  - Nimble (= 2.0.0-rc.1)
  - Quick

EXTERNAL SOURCES:
  Alamofire:
    :branch: swift-2.0
    :git: https://github.com/Alamofire/Alamofire.git

CHECKOUT OPTIONS:
  Alamofire:
    :commit: fd71afb3a0af2042b9f05a6b9f29317ad4903703
    :git: https://github.com/Alamofire/Alamofire.git

SPEC CHECKSUMS:
  Alamofire: 5550bf0b575ed1a4bf9be572f9463e1015cc169e
  Nimble: 9572458605e65c9fc5a56754ab19a970f6ab5a88
  Quick: 45494d91b43b34346217879491853ee3ca073f5d

COCOAPODS: 0.37.2
