// !$*UTF8*$!
{
	archiveVersion = 1;
	classes = {
	};
	objectVersion = 46;
	objects = {

/* Begin PBXBuildFile section */
		130206DA1B0BEE7C00A5CB2C /* AppDelegate.swift in Sources */ = {isa = PBXBuildFile; fileRef = 130206D91B0BEE7C00A5CB2C /* AppDelegate.swift */; };
		130206DC1B0BEE7C00A5CB2C /* ViewController.swift in Sources */ = {isa = PBXBuildFile; fileRef = 130206DB1B0BEE7C00A5CB2C /* ViewController.swift */; };
		130206E11B0BEE7C00A5CB2C /* Images.xcassets in Resources */ = {isa = PBXBuildFile; fileRef = 130206E01B0BEE7C00A5CB2C /* Images.xcassets */; };
		130206E41B0BEE7C00A5CB2C /* LaunchScreen.xib in Resources */ = {isa = PBXBuildFile; fileRef = 130206E21B0BEE7C00A5CB2C /* LaunchScreen.xib */; };
		130206F01B0BEE7D00A5CB2C /* WeakStreaksTests.swift in Sources */ = {isa = PBXBuildFile; fileRef = 130206EF1B0BEE7D00A5CB2C /* WeakStreaksTests.swift */; };
		1302072A1B0BF0AE00A5CB2C /* InterfaceController.swift in Sources */ = {isa = PBXBuildFile; fileRef = 130207291B0BF0AE00A5CB2C /* InterfaceController.swift */; };
		1302072C1B0BF0AE00A5CB2C /* NotificationController.swift in Sources */ = {isa = PBXBuildFile; fileRef = 1302072B1B0BF0AE00A5CB2C /* NotificationController.swift */; };
		1302072E1B0BF0AE00A5CB2C /* GlanceController.swift in Sources */ = {isa = PBXBuildFile; fileRef = 1302072D1B0BF0AE00A5CB2C /* GlanceController.swift */; };
		130207301B0BF0AE00A5CB2C /* Images.xcassets in Resources */ = {isa = PBXBuildFile; fileRef = 1302072F1B0BF0AE00A5CB2C /* Images.xcassets */; };
		130207341B0BF0AE00A5CB2C /* WeakStreaks WatchKit App.app in Resources */ = {isa = PBXBuildFile; fileRef = 130207331B0BF0AE00A5CB2C /* WeakStreaks WatchKit App.app */; };
		1302073C1B0BF0AE00A5CB2C /* Interface.storyboard in Resources */ = {isa = PBXBuildFile; fileRef = 1302073A1B0BF0AE00A5CB2C /* Interface.storyboard */; };
		1302073E1B0BF0AE00A5CB2C /* Images.xcassets in Resources */ = {isa = PBXBuildFile; fileRef = 1302073D1B0BF0AE00A5CB2C /* Images.xcassets */; };
		130207411B0BF0AE00A5CB2C /* WeakStreaks WatchKit Extension.appex in Embed App Extensions */ = {isa = PBXBuildFile; fileRef = 130207241B0BF0AE00A5CB2C /* WeakStreaks WatchKit Extension.appex */; settings = {ATTRIBUTES = (RemoveHeadersOnCopy, ); }; };
		1343C5A61B13E872003976F2 /* Utils.swift in Sources */ = {isa = PBXBuildFile; fileRef = 1343C5A51B13E872003976F2 /* Utils.swift */; };
		1343C5A71B13E872003976F2 /* Utils.swift in Sources */ = {isa = PBXBuildFile; fileRef = 1343C5A51B13E872003976F2 /* Utils.swift */; };
		1343C5A81B13E872003976F2 /* Utils.swift in Sources */ = {isa = PBXBuildFile; fileRef = 1343C5A51B13E872003976F2 /* Utils.swift */; };
		13511EAA1B14AC9E00274A1E /* AppGroup.m in Sources */ = {isa = PBXBuildFile; fileRef = 13511EA91B14AC9E00274A1E /* AppGroup.m */; };
		13511EAB1B14AC9E00274A1E /* AppGroup.m in Sources */ = {isa = PBXBuildFile; fileRef = 13511EA91B14AC9E00274A1E /* AppGroup.m */; };
		13511EAC1B14AC9E00274A1E /* AppGroup.m in Sources */ = {isa = PBXBuildFile; fileRef = 13511EA91B14AC9E00274A1E /* AppGroup.m */; };
		13511EAF1B14AE4800274A1E /* SafeTableViewController.swift in Sources */ = {isa = PBXBuildFile; fileRef = 13511EAE1B14AE4800274A1E /* SafeTableViewController.swift */; };
		13D45E171B0BF97B00C50675 /* Github.swift in Sources */ = {isa = PBXBuildFile; fileRef = 13D45E161B0BF97B00C50675 /* Github.swift */; };
		13D45E181B0BF97B00C50675 /* Github.swift in Sources */ = {isa = PBXBuildFile; fileRef = 13D45E161B0BF97B00C50675 /* Github.swift */; };
		13D45E191B0BF97B00C50675 /* Github.swift in Sources */ = {isa = PBXBuildFile; fileRef = 13D45E161B0BF97B00C50675 /* Github.swift */; };
		16980DC950B63DE18615493B /* Pods_WeakStreaksTests.framework in Frameworks */ = {isa = PBXBuildFile; fileRef = 5B5EDC8C159B68A2AFACE366 /* Pods_WeakStreaksTests.framework */; settings = {ATTRIBUTES = (Weak, ); }; };
		DDD6F0D25AFC54004F661369 /* Pods.framework in Frameworks */ = {isa = PBXBuildFile; fileRef = AADC48A6736ED4E2F35030BB /* Pods.framework */; settings = {ATTRIBUTES = (Weak, ); }; };
		E86F5332BA1031CF25275F92 /* Pods.framework in Frameworks */ = {isa = PBXBuildFile; fileRef = AADC48A6736ED4E2F35030BB /* Pods.framework */; settings = {ATTRIBUTES = (Weak, ); }; };
		EA9F0C991B10928700C6B881 /* ContributionsCalendar.swift in Sources */ = {isa = PBXBuildFile; fileRef = EA9F0C981B10928700C6B881 /* ContributionsCalendar.swift */; };
		EA9F0C9A1B10928700C6B881 /* ContributionsCalendar.swift in Sources */ = {isa = PBXBuildFile; fileRef = EA9F0C981B10928700C6B881 /* ContributionsCalendar.swift */; };
/* End PBXBuildFile section */

/* Begin PBXContainerItemProxy section */
		130206EA1B0BEE7D00A5CB2C /* PBXContainerItemProxy */ = {
			isa = PBXContainerItemProxy;
			containerPortal = 130206CC1B0BEE7C00A5CB2C /* Project object */;
			proxyType = 1;
			remoteGlobalIDString = 130206D31B0BEE7C00A5CB2C;
			remoteInfo = WeakStreaks;
		};
		130207351B0BF0AE00A5CB2C /* PBXContainerItemProxy */ = {
			isa = PBXContainerItemProxy;
			containerPortal = 130206CC1B0BEE7C00A5CB2C /* Project object */;
			proxyType = 1;
			remoteGlobalIDString = 130207321B0BF0AE00A5CB2C;
			remoteInfo = "WeakStreaks WatchKit App";
		};
		1302073F1B0BF0AE00A5CB2C /* PBXContainerItemProxy */ = {
			isa = PBXContainerItemProxy;
			containerPortal = 130206CC1B0BEE7C00A5CB2C /* Project object */;
			proxyType = 1;
			remoteGlobalIDString = 130207231B0BF0AE00A5CB2C;
			remoteInfo = "WeakStreaks WatchKit Extension";
		};
/* End PBXContainerItemProxy section */

/* Begin PBXCopyFilesBuildPhase section */
		130207481B0BF0AE00A5CB2C /* Embed App Extensions */ = {
			isa = PBXCopyFilesBuildPhase;
			buildActionMask = 2147483647;
			dstPath = "";
			dstSubfolderSpec = 13;
			files = (
				130207411B0BF0AE00A5CB2C /* WeakStreaks WatchKit Extension.appex in Embed App Extensions */,
			);
			name = "Embed App Extensions";
			runOnlyForDeploymentPostprocessing = 0;
		};
/* End PBXCopyFilesBuildPhase section */

/* Begin PBXFileReference section */
		130206D41B0BEE7C00A5CB2C /* WeakStreaks.app */ = {isa = PBXFileReference; explicitFileType = wrapper.application; includeInIndex = 0; path = WeakStreaks.app; sourceTree = BUILT_PRODUCTS_DIR; };
		130206D81B0BEE7C00A5CB2C /* Info.plist */ = {isa = PBXFileReference; lastKnownFileType = text.plist.xml; path = Info.plist; sourceTree = "<group>"; };
		130206D91B0BEE7C00A5CB2C /* AppDelegate.swift */ = {isa = PBXFileReference; lastKnownFileType = sourcecode.swift; path = AppDelegate.swift; sourceTree = "<group>"; };
		130206DB1B0BEE7C00A5CB2C /* ViewController.swift */ = {isa = PBXFileReference; lastKnownFileType = sourcecode.swift; path = ViewController.swift; sourceTree = "<group>"; };
		130206E01B0BEE7C00A5CB2C /* Images.xcassets */ = {isa = PBXFileReference; lastKnownFileType = folder.assetcatalog; path = Images.xcassets; sourceTree = "<group>"; };
		130206E31B0BEE7C00A5CB2C /* Base */ = {isa = PBXFileReference; lastKnownFileType = file.xib; name = Base; path = Base.lproj/LaunchScreen.xib; sourceTree = "<group>"; };
		130206E91B0BEE7D00A5CB2C /* WeakStreaksTests.xctest */ = {isa = PBXFileReference; explicitFileType = wrapper.cfbundle; includeInIndex = 0; path = WeakStreaksTests.xctest; sourceTree = BUILT_PRODUCTS_DIR; };
		130206EE1B0BEE7D00A5CB2C /* Info.plist */ = {isa = PBXFileReference; lastKnownFileType = text.plist.xml; path = Info.plist; sourceTree = "<group>"; };
		130206EF1B0BEE7D00A5CB2C /* WeakStreaksTests.swift */ = {isa = PBXFileReference; lastKnownFileType = sourcecode.swift; path = WeakStreaksTests.swift; sourceTree = "<group>"; };
		130207241B0BF0AE00A5CB2C /* WeakStreaks WatchKit Extension.appex */ = {isa = PBXFileReference; explicitFileType = "wrapper.app-extension"; includeInIndex = 0; path = "WeakStreaks WatchKit Extension.appex"; sourceTree = BUILT_PRODUCTS_DIR; };
		130207271B0BF0AE00A5CB2C /* Info.plist */ = {isa = PBXFileReference; lastKnownFileType = text.plist.xml; path = Info.plist; sourceTree = "<group>"; };
		130207281B0BF0AE00A5CB2C /* PushNotificationPayload.apns */ = {isa = PBXFileReference; lastKnownFileType = text; path = PushNotificationPayload.apns; sourceTree = "<group>"; };
		130207291B0BF0AE00A5CB2C /* InterfaceController.swift */ = {isa = PBXFileReference; lastKnownFileType = sourcecode.swift; path = InterfaceController.swift; sourceTree = "<group>"; };
		1302072B1B0BF0AE00A5CB2C /* NotificationController.swift */ = {isa = PBXFileReference; lastKnownFileType = sourcecode.swift; path = NotificationController.swift; sourceTree = "<group>"; };
		1302072D1B0BF0AE00A5CB2C /* GlanceController.swift */ = {isa = PBXFileReference; lastKnownFileType = sourcecode.swift; path = GlanceController.swift; sourceTree = "<group>"; };
		1302072F1B0BF0AE00A5CB2C /* Images.xcassets */ = {isa = PBXFileReference; lastKnownFileType = folder.assetcatalog; path = Images.xcassets; sourceTree = "<group>"; };
		130207331B0BF0AE00A5CB2C /* WeakStreaks WatchKit App.app */ = {isa = PBXFileReference; explicitFileType = wrapper.application; includeInIndex = 0; path = "WeakStreaks WatchKit App.app"; sourceTree = BUILT_PRODUCTS_DIR; };
		130207391B0BF0AE00A5CB2C /* Info.plist */ = {isa = PBXFileReference; lastKnownFileType = text.plist.xml; path = Info.plist; sourceTree = "<group>"; };
		1302073B1B0BF0AE00A5CB2C /* Base */ = {isa = PBXFileReference; lastKnownFileType = file.storyboard; name = Base; path = Base.lproj/Interface.storyboard; sourceTree = "<group>"; };
		1302073D1B0BF0AE00A5CB2C /* Images.xcassets */ = {isa = PBXFileReference; lastKnownFileType = folder.assetcatalog; path = Images.xcassets; sourceTree = "<group>"; };
		1343C5A51B13E872003976F2 /* Utils.swift */ = {isa = PBXFileReference; fileEncoding = 4; lastKnownFileType = sourcecode.swift; path = Utils.swift; sourceTree = "<group>"; };
		13511EA51B14AC9D00274A1E /* WeakStreaks-Bridging-Header.h */ = {isa = PBXFileReference; lastKnownFileType = sourcecode.c.h; path = "WeakStreaks-Bridging-Header.h"; sourceTree = "<group>"; };
		13511EA81B14AC9E00274A1E /* AppGroup.h */ = {isa = PBXFileReference; fileEncoding = 4; lastKnownFileType = sourcecode.c.h; path = AppGroup.h; sourceTree = "<group>"; };
		13511EA91B14AC9E00274A1E /* AppGroup.m */ = {isa = PBXFileReference; fileEncoding = 4; lastKnownFileType = sourcecode.c.objc; path = AppGroup.m; sourceTree = "<group>"; };
		13511EAE1B14AE4800274A1E /* SafeTableViewController.swift */ = {isa = PBXFileReference; fileEncoding = 4; lastKnownFileType = sourcecode.swift; path = SafeTableViewController.swift; sourceTree = "<group>"; };
		139A4F921B14A7B0000D7F14 /* Config.xcconfig */ = {isa = PBXFileReference; lastKnownFileType = text.xcconfig; path = Config.xcconfig; sourceTree = "<group>"; };
		139A4F931B14AAA0000D7F14 /* WeakStreaks.entitlements */ = {isa = PBXFileReference; lastKnownFileType = text.xml; path = WeakStreaks.entitlements; sourceTree = "<group>"; };
		139A4F941B14AAB6000D7F14 /* WeakStreaks WatchKit Extension.entitlements */ = {isa = PBXFileReference; lastKnownFileType = text.xml; path = "WeakStreaks WatchKit Extension.entitlements"; sourceTree = "<group>"; };
		13D45E161B0BF97B00C50675 /* Github.swift */ = {isa = PBXFileReference; fileEncoding = 4; lastKnownFileType = sourcecode.swift; path = Github.swift; sourceTree = "<group>"; };
		5B5EDC8C159B68A2AFACE366 /* Pods_WeakStreaksTests.framework */ = {isa = PBXFileReference; explicitFileType = wrapper.framework; includeInIndex = 0; path = Pods_WeakStreaksTests.framework; sourceTree = BUILT_PRODUCTS_DIR; };
		67706F8AABC3B760B4E51750 /* Pods.release.xcconfig */ = {isa = PBXFileReference; includeInIndex = 1; lastKnownFileType = text.xcconfig; name = Pods.release.xcconfig; path = "Pods/Target Support Files/Pods/Pods.release.xcconfig"; sourceTree = "<group>"; };
		9811AB68399AA1DF34D7F920 /* Pods.debug.xcconfig */ = {isa = PBXFileReference; includeInIndex = 1; lastKnownFileType = text.xcconfig; name = Pods.debug.xcconfig; path = "Pods/Target Support Files/Pods/Pods.debug.xcconfig"; sourceTree = "<group>"; };
		AADC48A6736ED4E2F35030BB /* Pods.framework */ = {isa = PBXFileReference; explicitFileType = wrapper.framework; includeInIndex = 0; path = Pods.framework; sourceTree = BUILT_PRODUCTS_DIR; };
		B62EEC882D88D060B14C20FA /* Pods-WeakStreaksTests.debug.xcconfig */ = {isa = PBXFileReference; includeInIndex = 1; lastKnownFileType = text.xcconfig; name = "Pods-WeakStreaksTests.debug.xcconfig"; path = "Pods/Target Support Files/Pods-WeakStreaksTests/Pods-WeakStreaksTests.debug.xcconfig"; sourceTree = "<group>"; };
		DF44747658FAD8B231A94290 /* Pods-WeakStreaksTests.release.xcconfig */ = {isa = PBXFileReference; includeInIndex = 1; lastKnownFileType = text.xcconfig; name = "Pods-WeakStreaksTests.release.xcconfig"; path = "Pods/Target Support Files/Pods-WeakStreaksTests/Pods-WeakStreaksTests.release.xcconfig"; sourceTree = "<group>"; };
		EA9F0C981B10928700C6B881 /* ContributionsCalendar.swift */ = {isa = PBXFileReference; fileEncoding = 4; lastKnownFileType = sourcecode.swift; path = ContributionsCalendar.swift; sourceTree = "<group>"; };
/* End PBXFileReference section */

/* Begin PBXFrameworksBuildPhase section */
		130206D11B0BEE7C00A5CB2C /* Frameworks */ = {
			isa = PBXFrameworksBuildPhase;
			buildActionMask = 2147483647;
			files = (
				E86F5332BA1031CF25275F92 /* Pods.framework in Frameworks */,
			);
			runOnlyForDeploymentPostprocessing = 0;
		};
		130206E61B0BEE7D00A5CB2C /* Frameworks */ = {
			isa = PBXFrameworksBuildPhase;
			buildActionMask = 2147483647;
			files = (
				16980DC950B63DE18615493B /* Pods_WeakStreaksTests.framework in Frameworks */,
			);
			runOnlyForDeploymentPostprocessing = 0;
		};
		130207211B0BF0AE00A5CB2C /* Frameworks */ = {
			isa = PBXFrameworksBuildPhase;
			buildActionMask = 2147483647;
			files = (
				DDD6F0D25AFC54004F661369 /* Pods.framework in Frameworks */,
			);
			runOnlyForDeploymentPostprocessing = 0;
		};
/* End PBXFrameworksBuildPhase section */

/* Begin PBXGroup section */
		083AD25E14A44BBAA681A4E5 /* Pods */ = {
			isa = PBXGroup;
			children = (
				9811AB68399AA1DF34D7F920 /* Pods.debug.xcconfig */,
				67706F8AABC3B760B4E51750 /* Pods.release.xcconfig */,
				B62EEC882D88D060B14C20FA /* Pods-WeakStreaksTests.debug.xcconfig */,
				DF44747658FAD8B231A94290 /* Pods-WeakStreaksTests.release.xcconfig */,
			);
			name = Pods;
			sourceTree = "<group>";
		};
		130206CB1B0BEE7C00A5CB2C = {
			isa = PBXGroup;
			children = (
				139A4F921B14A7B0000D7F14 /* Config.xcconfig */,
				13D45E151B0BF97B00C50675 /* Common */,
				130206D61B0BEE7C00A5CB2C /* WeakStreaks */,
				130206EC1B0BEE7D00A5CB2C /* WeakStreaksTests */,
				130207251B0BF0AE00A5CB2C /* WeakStreaks WatchKit Extension */,
				130207371B0BF0AE00A5CB2C /* WeakStreaks WatchKit App */,
				130206D51B0BEE7C00A5CB2C /* Products */,
				083AD25E14A44BBAA681A4E5 /* Pods */,
				97BFE78B4422AF3B31CAFAD0 /* Frameworks */,
			);
			sourceTree = "<group>";
		};
		130206D51B0BEE7C00A5CB2C /* Products */ = {
			isa = PBXGroup;
			children = (
				130206D41B0BEE7C00A5CB2C /* WeakStreaks.app */,
				130206E91B0BEE7D00A5CB2C /* WeakStreaksTests.xctest */,
				130207241B0BF0AE00A5CB2C /* WeakStreaks WatchKit Extension.appex */,
				130207331B0BF0AE00A5CB2C /* WeakStreaks WatchKit App.app */,
			);
			name = Products;
			sourceTree = "<group>";
		};
		130206D61B0BEE7C00A5CB2C /* WeakStreaks */ = {
			isa = PBXGroup;
			children = (
				13511EAE1B14AE4800274A1E /* SafeTableViewController.swift */,
				130206D91B0BEE7C00A5CB2C /* AppDelegate.swift */,
				130206DB1B0BEE7C00A5CB2C /* ViewController.swift */,
				130206E01B0BEE7C00A5CB2C /* Images.xcassets */,
				130206E21B0BEE7C00A5CB2C /* LaunchScreen.xib */,
				130206D71B0BEE7C00A5CB2C /* Supporting Files */,
			);
			path = WeakStreaks;
			sourceTree = "<group>";
		};
		130206D71B0BEE7C00A5CB2C /* Supporting Files */ = {
			isa = PBXGroup;
			children = (
				139A4F931B14AAA0000D7F14 /* WeakStreaks.entitlements */,
				130206D81B0BEE7C00A5CB2C /* Info.plist */,
			);
			name = "Supporting Files";
			sourceTree = "<group>";
		};
		130206EC1B0BEE7D00A5CB2C /* WeakStreaksTests */ = {
			isa = PBXGroup;
			children = (
				130206EF1B0BEE7D00A5CB2C /* WeakStreaksTests.swift */,
				130206ED1B0BEE7D00A5CB2C /* Supporting Files */,
			);
			path = WeakStreaksTests;
			sourceTree = "<group>";
		};
		130206ED1B0BEE7D00A5CB2C /* Supporting Files */ = {
			isa = PBXGroup;
			children = (
				130206EE1B0BEE7D00A5CB2C /* Info.plist */,
			);
			name = "Supporting Files";
			sourceTree = "<group>";
		};
		130207251B0BF0AE00A5CB2C /* WeakStreaks WatchKit Extension */ = {
			isa = PBXGroup;
			children = (
				130207291B0BF0AE00A5CB2C /* InterfaceController.swift */,
				1302072B1B0BF0AE00A5CB2C /* NotificationController.swift */,
				1302072D1B0BF0AE00A5CB2C /* GlanceController.swift */,
				1302072F1B0BF0AE00A5CB2C /* Images.xcassets */,
				130207261B0BF0AE00A5CB2C /* Supporting Files */,
			);
			path = "WeakStreaks WatchKit Extension";
			sourceTree = "<group>";
		};
		130207261B0BF0AE00A5CB2C /* Supporting Files */ = {
			isa = PBXGroup;
			children = (
				139A4F941B14AAB6000D7F14 /* WeakStreaks WatchKit Extension.entitlements */,
				130207271B0BF0AE00A5CB2C /* Info.plist */,
				130207281B0BF0AE00A5CB2C /* PushNotificationPayload.apns */,
			);
			name = "Supporting Files";
			sourceTree = "<group>";
		};
		130207371B0BF0AE00A5CB2C /* WeakStreaks WatchKit App */ = {
			isa = PBXGroup;
			children = (
				1302073A1B0BF0AE00A5CB2C /* Interface.storyboard */,
				1302073D1B0BF0AE00A5CB2C /* Images.xcassets */,
				130207381B0BF0AE00A5CB2C /* Supporting Files */,
			);
			path = "WeakStreaks WatchKit App";
			sourceTree = "<group>";
		};
		130207381B0BF0AE00A5CB2C /* Supporting Files */ = {
			isa = PBXGroup;
			children = (
				130207391B0BF0AE00A5CB2C /* Info.plist */,
			);
			name = "Supporting Files";
			sourceTree = "<group>";
		};
		13511EAD1B14AD2F00274A1E /* Setting */ = {
			isa = PBXGroup;
			children = (
				13511EA81B14AC9E00274A1E /* AppGroup.h */,
				13511EA91B14AC9E00274A1E /* AppGroup.m */,
			);
			name = Setting;
			sourceTree = "<group>";
		};
		13D45E151B0BF97B00C50675 /* Common */ = {
			isa = PBXGroup;
			children = (
				1343C5A51B13E872003976F2 /* Utils.swift */,
				13D45E1F1B0E98B300C50675 /* Graph */,
				13D45E1A1B0E988800C50675 /* Gateway */,
				13511EAD1B14AD2F00274A1E /* Setting */,
				13511EA51B14AC9D00274A1E /* WeakStreaks-Bridging-Header.h */,
			);
			path = Common;
			sourceTree = "<group>";
		};
		13D45E1A1B0E988800C50675 /* Gateway */ = {
			isa = PBXGroup;
			children = (
				13D45E161B0BF97B00C50675 /* Github.swift */,
			);
			name = Gateway;
			sourceTree = "<group>";
		};
		13D45E1F1B0E98B300C50675 /* Graph */ = {
			isa = PBXGroup;
			children = (
				EA9F0C981B10928700C6B881 /* ContributionsCalendar.swift */,
			);
			name = Graph;
			sourceTree = "<group>";
		};
		97BFE78B4422AF3B31CAFAD0 /* Frameworks */ = {
			isa = PBXGroup;
			children = (
				AADC48A6736ED4E2F35030BB /* Pods.framework */,
				5B5EDC8C159B68A2AFACE366 /* Pods_WeakStreaksTests.framework */,
			);
			name = Frameworks;
			sourceTree = "<group>";
		};
/* End PBXGroup section */

/* Begin PBXNativeTarget section */
		130206D31B0BEE7C00A5CB2C /* WeakStreaks */ = {
			isa = PBXNativeTarget;
			buildConfigurationList = 130206F31B0BEE7D00A5CB2C /* Build configuration list for PBXNativeTarget "WeakStreaks" */;
			buildPhases = (
				275EC597FBB26B7B0031F429 /* Check Pods Manifest.lock */,
				130206D01B0BEE7C00A5CB2C /* Sources */,
				130206D11B0BEE7C00A5CB2C /* Frameworks */,
				130206D21B0BEE7C00A5CB2C /* Resources */,
				130207481B0BF0AE00A5CB2C /* Embed App Extensions */,
				1CCCC783B2EF51DCDE766C77 /* Embed Pods Frameworks */,
				EB894AB3C7B83EDF235FE239 /* Copy Pods Resources */,
			);
			buildRules = (
			);
			dependencies = (
				130207401B0BF0AE00A5CB2C /* PBXTargetDependency */,
			);
			name = WeakStreaks;
			productName = WeakStreaks;
			productReference = 130206D41B0BEE7C00A5CB2C /* WeakStreaks.app */;
			productType = "com.apple.product-type.application";
		};
		130206E81B0BEE7D00A5CB2C /* WeakStreaksTests */ = {
			isa = PBXNativeTarget;
			buildConfigurationList = 130206F61B0BEE7D00A5CB2C /* Build configuration list for PBXNativeTarget "WeakStreaksTests" */;
			buildPhases = (
				978BBAD676271912990300C0 /* Check Pods Manifest.lock */,
				130206E51B0BEE7D00A5CB2C /* Sources */,
				130206E61B0BEE7D00A5CB2C /* Frameworks */,
				130206E71B0BEE7D00A5CB2C /* Resources */,
				29F07E58F6CF209F15BB7E6E /* Embed Pods Frameworks */,
				9D9752EFB7825323FC2643F6 /* Copy Pods Resources */,
			);
			buildRules = (
			);
			dependencies = (
				130206EB1B0BEE7D00A5CB2C /* PBXTargetDependency */,
			);
			name = WeakStreaksTests;
			productName = WeakStreaksTests;
			productReference = 130206E91B0BEE7D00A5CB2C /* WeakStreaksTests.xctest */;
			productType = "com.apple.product-type.bundle.unit-test";
		};
		130207231B0BF0AE00A5CB2C /* WeakStreaks WatchKit Extension */ = {
			isa = PBXNativeTarget;
			buildConfigurationList = 130207471B0BF0AE00A5CB2C /* Build configuration list for PBXNativeTarget "WeakStreaks WatchKit Extension" */;
			buildPhases = (
				A8394170A9F5547D56E34E29 /* Check Pods Manifest.lock */,
				130207201B0BF0AE00A5CB2C /* Sources */,
				130207211B0BF0AE00A5CB2C /* Frameworks */,
				130207221B0BF0AE00A5CB2C /* Resources */,
				BC198BC378F370285595E23E /* Copy Pods Resources */,
			);
			buildRules = (
			);
			dependencies = (
				130207361B0BF0AE00A5CB2C /* PBXTargetDependency */,
			);
			name = "WeakStreaks WatchKit Extension";
			productName = "WeakStreaks WatchKit Extension";
			productReference = 130207241B0BF0AE00A5CB2C /* WeakStreaks WatchKit Extension.appex */;
			productType = "com.apple.product-type.watchkit-extension";
		};
		130207321B0BF0AE00A5CB2C /* WeakStreaks WatchKit App */ = {
			isa = PBXNativeTarget;
			buildConfigurationList = 130207461B0BF0AE00A5CB2C /* Build configuration list for PBXNativeTarget "WeakStreaks WatchKit App" */;
			buildPhases = (
				130207311B0BF0AE00A5CB2C /* Resources */,
			);
			buildRules = (
			);
			dependencies = (
			);
			name = "WeakStreaks WatchKit App";
			productName = "WeakStreaks WatchKit App";
			productReference = 130207331B0BF0AE00A5CB2C /* WeakStreaks WatchKit App.app */;
			productType = "com.apple.product-type.application.watchapp";
		};
/* End PBXNativeTarget section */

/* Begin PBXProject section */
		130206CC1B0BEE7C00A5CB2C /* Project object */ = {
			isa = PBXProject;
			attributes = {
				LastUpgradeCheck = 0630;
				ORGANIZATIONNAME = mzp;
				TargetAttributes = {
					130206D31B0BEE7C00A5CB2C = {
						CreatedOnToolsVersion = 6.3.1;
						SystemCapabilities = {
							com.apple.ApplicationGroups.iOS = {
								enabled = 1;
							};
						};
					};
					130206E81B0BEE7D00A5CB2C = {
						CreatedOnToolsVersion = 6.3.1;
						TestTargetID = 130206D31B0BEE7C00A5CB2C;
					};
					130207231B0BF0AE00A5CB2C = {
						CreatedOnToolsVersion = 6.3.1;
						SystemCapabilities = {
							com.apple.ApplicationGroups.iOS = {
								enabled = 1;
							};
						};
					};
					130207321B0BF0AE00A5CB2C = {
						CreatedOnToolsVersion = 6.3.1;
					};
				};
			};
			buildConfigurationList = 130206CF1B0BEE7C00A5CB2C /* Build configuration list for PBXProject "WeakStreaks" */;
			compatibilityVersion = "Xcode 3.2";
			developmentRegion = English;
			hasScannedForEncodings = 0;
			knownRegions = (
				en,
				Base,
			);
			mainGroup = 130206CB1B0BEE7C00A5CB2C;
			productRefGroup = 130206D51B0BEE7C00A5CB2C /* Products */;
			projectDirPath = "";
			projectRoot = "";
			targets = (
				130206D31B0BEE7C00A5CB2C /* WeakStreaks */,
				130206E81B0BEE7D00A5CB2C /* WeakStreaksTests */,
				130207231B0BF0AE00A5CB2C /* WeakStreaks WatchKit Extension */,
				130207321B0BF0AE00A5CB2C /* WeakStreaks WatchKit App */,
			);
		};
/* End PBXProject section */

/* Begin PBXResourcesBuildPhase section */
		130206D21B0BEE7C00A5CB2C /* Resources */ = {
			isa = PBXResourcesBuildPhase;
			buildActionMask = 2147483647;
			files = (
				130206E41B0BEE7C00A5CB2C /* LaunchScreen.xib in Resources */,
				130206E11B0BEE7C00A5CB2C /* Images.xcassets in Resources */,
			);
			runOnlyForDeploymentPostprocessing = 0;
		};
		130206E71B0BEE7D00A5CB2C /* Resources */ = {
			isa = PBXResourcesBuildPhase;
			buildActionMask = 2147483647;
			files = (
			);
			runOnlyForDeploymentPostprocessing = 0;
		};
		130207221B0BF0AE00A5CB2C /* Resources */ = {
			isa = PBXResourcesBuildPhase;
			buildActionMask = 2147483647;
			files = (
				130207341B0BF0AE00A5CB2C /* WeakStreaks WatchKit App.app in Resources */,
				130207301B0BF0AE00A5CB2C /* Images.xcassets in Resources */,
			);
			runOnlyForDeploymentPostprocessing = 0;
		};
		130207311B0BF0AE00A5CB2C /* Resources */ = {
			isa = PBXResourcesBuildPhase;
			buildActionMask = 2147483647;
			files = (
				1302073C1B0BF0AE00A5CB2C /* Interface.storyboard in Resources */,
				1302073E1B0BF0AE00A5CB2C /* Images.xcassets in Resources */,
			);
			runOnlyForDeploymentPostprocessing = 0;
		};
/* End PBXResourcesBuildPhase section */

/* Begin PBXShellScriptBuildPhase section */
		1CCCC783B2EF51DCDE766C77 /* Embed Pods Frameworks */ = {
			isa = PBXShellScriptBuildPhase;
			buildActionMask = 2147483647;
			files = (
			);
			inputPaths = (
			);
			name = "Embed Pods Frameworks";
			outputPaths = (
			);
			runOnlyForDeploymentPostprocessing = 0;
			shellPath = /bin/sh;
			shellScript = "\"${SRCROOT}/Pods/Target Support Files/Pods/Pods-frameworks.sh\"\n";
			showEnvVarsInLog = 0;
		};
		275EC597FBB26B7B0031F429 /* Check Pods Manifest.lock */ = {
			isa = PBXShellScriptBuildPhase;
			buildActionMask = 2147483647;
			files = (
			);
			inputPaths = (
			);
			name = "Check Pods Manifest.lock";
			outputPaths = (
			);
			runOnlyForDeploymentPostprocessing = 0;
			shellPath = /bin/sh;
			shellScript = "diff \"${PODS_ROOT}/../Podfile.lock\" \"${PODS_ROOT}/Manifest.lock\" > /dev/null\nif [[ $? != 0 ]] ; then\n    cat << EOM\nerror: The sandbox is not in sync with the Podfile.lock. Run 'pod install' or update your CocoaPods installation.\nEOM\n    exit 1\nfi\n";
			showEnvVarsInLog = 0;
		};
		29F07E58F6CF209F15BB7E6E /* Embed Pods Frameworks */ = {
			isa = PBXShellScriptBuildPhase;
			buildActionMask = 2147483647;
			files = (
			);
			inputPaths = (
			);
			name = "Embed Pods Frameworks";
			outputPaths = (
			);
			runOnlyForDeploymentPostprocessing = 0;
			shellPath = /bin/sh;
			shellScript = "\"${SRCROOT}/Pods/Target Support Files/Pods-WeakStreaksTests/Pods-WeakStreaksTests-frameworks.sh\"\n";
			showEnvVarsInLog = 0;
		};
		978BBAD676271912990300C0 /* Check Pods Manifest.lock */ = {
			isa = PBXShellScriptBuildPhase;
			buildActionMask = 2147483647;
			files = (
			);
			inputPaths = (
			);
			name = "Check Pods Manifest.lock";
			outputPaths = (
			);
			runOnlyForDeploymentPostprocessing = 0;
			shellPath = /bin/sh;
			shellScript = "diff \"${PODS_ROOT}/../Podfile.lock\" \"${PODS_ROOT}/Manifest.lock\" > /dev/null\nif [[ $? != 0 ]] ; then\n    cat << EOM\nerror: The sandbox is not in sync with the Podfile.lock. Run 'pod install' or update your CocoaPods installation.\nEOM\n    exit 1\nfi\n";
			showEnvVarsInLog = 0;
		};
		9D9752EFB7825323FC2643F6 /* Copy Pods Resources */ = {
			isa = PBXShellScriptBuildPhase;
			buildActionMask = 2147483647;
			files = (
			);
			inputPaths = (
			);
			name = "Copy Pods Resources";
			outputPaths = (
			);
			runOnlyForDeploymentPostprocessing = 0;
			shellPath = /bin/sh;
			shellScript = "\"${SRCROOT}/Pods/Target Support Files/Pods-WeakStreaksTests/Pods-WeakStreaksTests-resources.sh\"\n";
			showEnvVarsInLog = 0;
		};
		A8394170A9F5547D56E34E29 /* Check Pods Manifest.lock */ = {
			isa = PBXShellScriptBuildPhase;
			buildActionMask = 2147483647;
			files = (
			);
			inputPaths = (
			);
			name = "Check Pods Manifest.lock";
			outputPaths = (
			);
			runOnlyForDeploymentPostprocessing = 0;
			shellPath = /bin/sh;
			shellScript = "diff \"${PODS_ROOT}/../Podfile.lock\" \"${PODS_ROOT}/Manifest.lock\" > /dev/null\nif [[ $? != 0 ]] ; then\n    cat << EOM\nerror: The sandbox is not in sync with the Podfile.lock. Run 'pod install' or update your CocoaPods installation.\nEOM\n    exit 1\nfi\n";
			showEnvVarsInLog = 0;
		};
		BC198BC378F370285595E23E /* Copy Pods Resources */ = {
			isa = PBXShellScriptBuildPhase;
			buildActionMask = 2147483647;
			files = (
			);
			inputPaths = (
			);
			name = "Copy Pods Resources";
			outputPaths = (
			);
			runOnlyForDeploymentPostprocessing = 0;
			shellPath = /bin/sh;
			shellScript = "\"${SRCROOT}/Pods/Target Support Files/Pods/Pods-resources.sh\"\n";
			showEnvVarsInLog = 0;
		};
		EB894AB3C7B83EDF235FE239 /* Copy Pods Resources */ = {
			isa = PBXShellScriptBuildPhase;
			buildActionMask = 2147483647;
			files = (
			);
			inputPaths = (
			);
			name = "Copy Pods Resources";
			outputPaths = (
			);
			runOnlyForDeploymentPostprocessing = 0;
			shellPath = /bin/sh;
			shellScript = "\"${SRCROOT}/Pods/Target Support Files/Pods/Pods-resources.sh\"\n";
			showEnvVarsInLog = 0;
		};
/* End PBXShellScriptBuildPhase section */

/* Begin PBXSourcesBuildPhase section */
		130206D01B0BEE7C00A5CB2C /* Sources */ = {
			isa = PBXSourcesBuildPhase;
			buildActionMask = 2147483647;
			files = (
				13D45E171B0BF97B00C50675 /* Github.swift in Sources */,
				EA9F0C991B10928700C6B881 /* ContributionsCalendar.swift in Sources */,
				130206DC1B0BEE7C00A5CB2C /* ViewController.swift in Sources */,
				13511EAF1B14AE4800274A1E /* SafeTableViewController.swift in Sources */,
				130206DA1B0BEE7C00A5CB2C /* AppDelegate.swift in Sources */,
				1343C5A61B13E872003976F2 /* Utils.swift in Sources */,
				13511EAA1B14AC9E00274A1E /* AppGroup.m in Sources */,
			);
			runOnlyForDeploymentPostprocessing = 0;
		};
		130206E51B0BEE7D00A5CB2C /* Sources */ = {
			isa = PBXSourcesBuildPhase;
			buildActionMask = 2147483647;
			files = (
				13D45E181B0BF97B00C50675 /* Github.swift in Sources */,
				130206F01B0BEE7D00A5CB2C /* WeakStreaksTests.swift in Sources */,
				1343C5A71B13E872003976F2 /* Utils.swift in Sources */,
				13511EAB1B14AC9E00274A1E /* AppGroup.m in Sources */,
			);
			runOnlyForDeploymentPostprocessing = 0;
		};
		130207201B0BF0AE00A5CB2C /* Sources */ = {
			isa = PBXSourcesBuildPhase;
			buildActionMask = 2147483647;
			files = (
				1302072C1B0BF0AE00A5CB2C /* NotificationController.swift in Sources */,
				13511EAC1B14AC9E00274A1E /* AppGroup.m in Sources */,
				1302072A1B0BF0AE00A5CB2C /* InterfaceController.swift in Sources */,
				1343C5A81B13E872003976F2 /* Utils.swift in Sources */,
				13D45E191B0BF97B00C50675 /* Github.swift in Sources */,
				1302072E1B0BF0AE00A5CB2C /* GlanceController.swift in Sources */,
				EA9F0C9A1B10928700C6B881 /* ContributionsCalendar.swift in Sources */,
			);
			runOnlyForDeploymentPostprocessing = 0;
		};
/* End PBXSourcesBuildPhase section */

/* Begin PBXTargetDependency section */
		130206EB1B0BEE7D00A5CB2C /* PBXTargetDependency */ = {
			isa = PBXTargetDependency;
			target = 130206D31B0BEE7C00A5CB2C /* WeakStreaks */;
			targetProxy = 130206EA1B0BEE7D00A5CB2C /* PBXContainerItemProxy */;
		};
		130207361B0BF0AE00A5CB2C /* PBXTargetDependency */ = {
			isa = PBXTargetDependency;
			target = 130207321B0BF0AE00A5CB2C /* WeakStreaks WatchKit App */;
			targetProxy = 130207351B0BF0AE00A5CB2C /* PBXContainerItemProxy */;
		};
		130207401B0BF0AE00A5CB2C /* PBXTargetDependency */ = {
			isa = PBXTargetDependency;
			target = 130207231B0BF0AE00A5CB2C /* WeakStreaks WatchKit Extension */;
			targetProxy = 1302073F1B0BF0AE00A5CB2C /* PBXContainerItemProxy */;
		};
/* End PBXTargetDependency section */

/* Begin PBXVariantGroup section */
		130206E21B0BEE7C00A5CB2C /* LaunchScreen.xib */ = {
			isa = PBXVariantGroup;
			children = (
				130206E31B0BEE7C00A5CB2C /* Base */,
			);
			name = LaunchScreen.xib;
			sourceTree = "<group>";
		};
		1302073A1B0BF0AE00A5CB2C /* Interface.storyboard */ = {
			isa = PBXVariantGroup;
			children = (
				1302073B1B0BF0AE00A5CB2C /* Base */,
			);
			name = Interface.storyboard;
			sourceTree = "<group>";
		};
/* End PBXVariantGroup section */

/* Begin XCBuildConfiguration section */
		130206F11B0BEE7D00A5CB2C /* Debug */ = {
			isa = XCBuildConfiguration;
			baseConfigurationReference = 139A4F921B14A7B0000D7F14 /* Config.xcconfig */;
			buildSettings = {
				ALWAYS_SEARCH_USER_PATHS = NO;
				CLANG_CXX_LANGUAGE_STANDARD = "gnu++0x";
				CLANG_CXX_LIBRARY = "libc++";
				CLANG_ENABLE_MODULES = YES;
				CLANG_ENABLE_OBJC_ARC = YES;
				CLANG_WARN_BOOL_CONVERSION = YES;
				CLANG_WARN_CONSTANT_CONVERSION = YES;
				CLANG_WARN_DIRECT_OBJC_ISA_USAGE = YES_ERROR;
				CLANG_WARN_EMPTY_BODY = YES;
				CLANG_WARN_ENUM_CONVERSION = YES;
				CLANG_WARN_INT_CONVERSION = YES;
				CLANG_WARN_OBJC_ROOT_CLASS = YES_ERROR;
				CLANG_WARN_UNREACHABLE_CODE = YES;
				CLANG_WARN__DUPLICATE_METHOD_MATCH = YES;
				"CODE_SIGN_IDENTITY[sdk=iphoneos*]" = "iPhone Developer";
				COPY_PHASE_STRIP = NO;
				DEBUG_INFORMATION_FORMAT = "dwarf-with-dsym";
				ENABLE_STRICT_OBJC_MSGSEND = YES;
				GCC_C_LANGUAGE_STANDARD = gnu99;
				GCC_DYNAMIC_NO_PIC = NO;
				GCC_NO_COMMON_BLOCKS = YES;
				GCC_OPTIMIZATION_LEVEL = 0;
				GCC_PREPROCESSOR_DEFINITIONS = (
					"DEBUG=1",
					"$(inherited)",
				);
				GCC_SYMBOLS_PRIVATE_EXTERN = NO;
				GCC_WARN_64_TO_32_BIT_CONVERSION = YES;
				GCC_WARN_ABOUT_RETURN_TYPE = YES_ERROR;
				GCC_WARN_UNDECLARED_SELECTOR = YES;
				GCC_WARN_UNINITIALIZED_AUTOS = YES_AGGRESSIVE;
				GCC_WARN_UNUSED_FUNCTION = YES;
				GCC_WARN_UNUSED_VARIABLE = YES;
				IPHONEOS_DEPLOYMENT_TARGET = 8.3;
				MTL_ENABLE_DEBUG_INFO = YES;
				ONLY_ACTIVE_ARCH = YES;
				SDKROOT = iphoneos;
				SWIFT_OPTIMIZATION_LEVEL = "-Onone";
				TARGETED_DEVICE_FAMILY = "1,2";
			};
			name = Debug;
		};
		130206F21B0BEE7D00A5CB2C /* Release */ = {
			isa = XCBuildConfiguration;
			baseConfigurationReference = 139A4F921B14A7B0000D7F14 /* Config.xcconfig */;
			buildSettings = {
				ALWAYS_SEARCH_USER_PATHS = NO;
				CLANG_CXX_LANGUAGE_STANDARD = "gnu++0x";
				CLANG_CXX_LIBRARY = "libc++";
				CLANG_ENABLE_MODULES = YES;
				CLANG_ENABLE_OBJC_ARC = YES;
				CLANG_WARN_BOOL_CONVERSION = YES;
				CLANG_WARN_CONSTANT_CONVERSION = YES;
				CLANG_WARN_DIRECT_OBJC_ISA_USAGE = YES_ERROR;
				CLANG_WARN_EMPTY_BODY = YES;
				CLANG_WARN_ENUM_CONVERSION = YES;
				CLANG_WARN_INT_CONVERSION = YES;
				CLANG_WARN_OBJC_ROOT_CLASS = YES_ERROR;
				CLANG_WARN_UNREACHABLE_CODE = YES;
				CLANG_WARN__DUPLICATE_METHOD_MATCH = YES;
				"CODE_SIGN_IDENTITY[sdk=iphoneos*]" = "iPhone Developer";
				COPY_PHASE_STRIP = NO;
				DEBUG_INFORMATION_FORMAT = "dwarf-with-dsym";
				ENABLE_NS_ASSERTIONS = NO;
				ENABLE_STRICT_OBJC_MSGSEND = YES;
				GCC_C_LANGUAGE_STANDARD = gnu99;
				GCC_NO_COMMON_BLOCKS = YES;
				GCC_WARN_64_TO_32_BIT_CONVERSION = YES;
				GCC_WARN_ABOUT_RETURN_TYPE = YES_ERROR;
				GCC_WARN_UNDECLARED_SELECTOR = YES;
				GCC_WARN_UNINITIALIZED_AUTOS = YES_AGGRESSIVE;
				GCC_WARN_UNUSED_FUNCTION = YES;
				GCC_WARN_UNUSED_VARIABLE = YES;
				IPHONEOS_DEPLOYMENT_TARGET = 8.3;
				MTL_ENABLE_DEBUG_INFO = NO;
				SDKROOT = iphoneos;
				TARGETED_DEVICE_FAMILY = "1,2";
				VALIDATE_PRODUCT = YES;
			};
			name = Release;
		};
		130206F41B0BEE7D00A5CB2C /* Debug */ = {
			isa = XCBuildConfiguration;
			baseConfigurationReference = 9811AB68399AA1DF34D7F920 /* Pods.debug.xcconfig */;
			buildSettings = {
				ASSETCATALOG_COMPILER_APPICON_NAME = AppIcon;
				CLANG_ENABLE_MODULES = YES;
				CODE_SIGN_ENTITLEMENTS = WeakStreaks/WeakStreaks.entitlements;
				CODE_SIGN_IDENTITY = "iPhone Developer";
				"CODE_SIGN_IDENTITY[sdk=iphoneos*]" = "iPhone Developer";
				INFOPLIST_FILE = WeakStreaks/Info.plist;
				LD_RUNPATH_SEARCH_PATHS = "$(inherited) @executable_path/Frameworks";
				PRODUCT_NAME = "$(TARGET_NAME)";
				PROVISIONING_PROFILE = "";
				SWIFT_OBJC_BRIDGING_HEADER = "Common/WeakStreaks-Bridging-Header.h";
				SWIFT_OPTIMIZATION_LEVEL = "-Onone";
			};
			name = Debug;
		};
		130206F51B0BEE7D00A5CB2C /* Release */ = {
			isa = XCBuildConfiguration;
			baseConfigurationReference = 67706F8AABC3B760B4E51750 /* Pods.release.xcconfig */;
			buildSettings = {
				ASSETCATALOG_COMPILER_APPICON_NAME = AppIcon;
				CLANG_ENABLE_MODULES = YES;
				CODE_SIGN_ENTITLEMENTS = WeakStreaks/WeakStreaks.entitlements;
				CODE_SIGN_IDENTITY = "iPhone Developer";
				"CODE_SIGN_IDENTITY[sdk=iphoneos*]" = "iPhone Developer";
				INFOPLIST_FILE = WeakStreaks/Info.plist;
				LD_RUNPATH_SEARCH_PATHS = "$(inherited) @executable_path/Frameworks";
				PRODUCT_NAME = "$(TARGET_NAME)";
				PROVISIONING_PROFILE = "";
				SWIFT_OBJC_BRIDGING_HEADER = "Common/WeakStreaks-Bridging-Header.h";
			};
			name = Release;
		};
		130206F71B0BEE7D00A5CB2C /* Debug */ = {
			isa = XCBuildConfiguration;
			baseConfigurationReference = B62EEC882D88D060B14C20FA /* Pods-WeakStreaksTests.debug.xcconfig */;
			buildSettings = {
				BUNDLE_LOADER = "$(TEST_HOST)";
				CLANG_ENABLE_MODULES = YES;
				FRAMEWORK_SEARCH_PATHS = (
					"$(SDKROOT)/Developer/Library/Frameworks",
					"$(inherited)",
				);
				GCC_PREPROCESSOR_DEFINITIONS = (
					"DEBUG=1",
					"$(inherited)",
				);
				INFOPLIST_FILE = WeakStreaksTests/Info.plist;
				LD_RUNPATH_SEARCH_PATHS = "$(inherited) @executable_path/Frameworks @loader_path/Frameworks";
				PRODUCT_NAME = "$(TARGET_NAME)";
				SWIFT_OBJC_BRIDGING_HEADER = "Common/WeakStreaks-Bridging-Header.h";
				SWIFT_OPTIMIZATION_LEVEL = "-Onone";
				TEST_HOST = "$(BUILT_PRODUCTS_DIR)/WeakStreaks.app/WeakStreaks";
			};
			name = Debug;
		};
		130206F81B0BEE7D00A5CB2C /* Release */ = {
			isa = XCBuildConfiguration;
			baseConfigurationReference = DF44747658FAD8B231A94290 /* Pods-WeakStreaksTests.release.xcconfig */;
			buildSettings = {
				BUNDLE_LOADER = "$(TEST_HOST)";
				CLANG_ENABLE_MODULES = YES;
				FRAMEWORK_SEARCH_PATHS = (
					"$(SDKROOT)/Developer/Library/Frameworks",
					"$(inherited)",
				);
				INFOPLIST_FILE = WeakStreaksTests/Info.plist;
				LD_RUNPATH_SEARCH_PATHS = "$(inherited) @executable_path/Frameworks @loader_path/Frameworks";
				PRODUCT_NAME = "$(TARGET_NAME)";
				SWIFT_OBJC_BRIDGING_HEADER = "Common/WeakStreaks-Bridging-Header.h";
				TEST_HOST = "$(BUILT_PRODUCTS_DIR)/WeakStreaks.app/WeakStreaks";
			};
			name = Release;
		};
		130207421B0BF0AE00A5CB2C /* Debug */ = {
			isa = XCBuildConfiguration;
			baseConfigurationReference = 9811AB68399AA1DF34D7F920 /* Pods.debug.xcconfig */;
			buildSettings = {
				CLANG_ENABLE_MODULES = YES;
				CODE_SIGN_ENTITLEMENTS = "WeakStreaks WatchKit Extension/WeakStreaks WatchKit Extension.entitlements";
				CODE_SIGN_IDENTITY = "iPhone Developer";
				"CODE_SIGN_IDENTITY[sdk=iphoneos*]" = "iPhone Developer";
				GCC_PREPROCESSOR_DEFINITIONS = (
					"DEBUG=1",
					"$(inherited)",
				);
				INFOPLIST_FILE = "WeakStreaks WatchKit Extension/Info.plist";
				LD_RUNPATH_SEARCH_PATHS = "$(inherited) @executable_path/Frameworks @executable_path/../../Frameworks";
				PRODUCT_NAME = "${TARGET_NAME}";
				PROVISIONING_PROFILE = "";
				SKIP_INSTALL = YES;
				SWIFT_OBJC_BRIDGING_HEADER = "Common/WeakStreaks-Bridging-Header.h";
				SWIFT_OPTIMIZATION_LEVEL = "-Onone";
			};
			name = Debug;
		};
		130207431B0BF0AE00A5CB2C /* Release */ = {
			isa = XCBuildConfiguration;
			baseConfigurationReference = 67706F8AABC3B760B4E51750 /* Pods.release.xcconfig */;
			buildSettings = {
				CLANG_ENABLE_MODULES = YES;
				CODE_SIGN_ENTITLEMENTS = "WeakStreaks WatchKit Extension/WeakStreaks WatchKit Extension.entitlements";
				CODE_SIGN_IDENTITY = "iPhone Developer";
				"CODE_SIGN_IDENTITY[sdk=iphoneos*]" = "iPhone Developer";
				INFOPLIST_FILE = "WeakStreaks WatchKit Extension/Info.plist";
				LD_RUNPATH_SEARCH_PATHS = "$(inherited) @executable_path/Frameworks @executable_path/../../Frameworks";
				PRODUCT_NAME = "${TARGET_NAME}";
				PROVISIONING_PROFILE = "";
				SKIP_INSTALL = YES;
				SWIFT_OBJC_BRIDGING_HEADER = "Common/WeakStreaks-Bridging-Header.h";
			};
			name = Release;
		};
		130207441B0BF0AE00A5CB2C /* Debug */ = {
			isa = XCBuildConfiguration;
			baseConfigurationReference = 9811AB68399AA1DF34D7F920 /* Pods.debug.xcconfig */;
			buildSettings = {
				ASSETCATALOG_COMPILER_APPICON_NAME = AppIcon;
				CLANG_ENABLE_MODULES = YES;
				GCC_PREPROCESSOR_DEFINITIONS = (
					"DEBUG=1",
					"$(inherited)",
				);
				IBSC_MODULE = WeakStreaks_WatchKit_Extension;
				INFOPLIST_FILE = "WeakStreaks WatchKit App/Info.plist";
				IPHONEOS_DEPLOYMENT_TARGET = 8.2;
				LD_RUNPATH_SEARCH_PATHS = "$(inherited) @executable_path/Frameworks @loader_path/Frameworks";
				PRODUCT_NAME = "$(TARGET_NAME)";
				SKIP_INSTALL = YES;
				SWIFT_OPTIMIZATION_LEVEL = "-Onone";
				TARGETED_DEVICE_FAMILY = 4;
				"TARGETED_DEVICE_FAMILY[sdk=iphonesimulator*]" = "1,4";
			};
			name = Debug;
		};
		130207451B0BF0AE00A5CB2C /* Release */ = {
			isa = XCBuildConfiguration;
			baseConfigurationReference = 67706F8AABC3B760B4E51750 /* Pods.release.xcconfig */;
			buildSettings = {
				ASSETCATALOG_COMPILER_APPICON_NAME = AppIcon;
				CLANG_ENABLE_MODULES = YES;
				IBSC_MODULE = WeakStreaks_WatchKit_Extension;
				INFOPLIST_FILE = "WeakStreaks WatchKit App/Info.plist";
				IPHONEOS_DEPLOYMENT_TARGET = 8.2;
				LD_RUNPATH_SEARCH_PATHS = "$(inherited) @executable_path/Frameworks @loader_path/Frameworks";
				PRODUCT_NAME = "$(TARGET_NAME)";
				SKIP_INSTALL = YES;
				TARGETED_DEVICE_FAMILY = 4;
				"TARGETED_DEVICE_FAMILY[sdk=iphonesimulator*]" = "1,4";
			};
			name = Release;
		};
/* End XCBuildConfiguration section */

/* Begin XCConfigurationList section */
		130206CF1B0BEE7C00A5CB2C /* Build configuration list for PBXProject "WeakStreaks" */ = {
			isa = XCConfigurationList;
			buildConfigurations = (
				130206F11B0BEE7D00A5CB2C /* Debug */,
				130206F21B0BEE7D00A5CB2C /* Release */,
			);
			defaultConfigurationIsVisible = 0;
			defaultConfigurationName = Release;
		};
		130206F31B0BEE7D00A5CB2C /* Build configuration list for PBXNativeTarget "WeakStreaks" */ = {
			isa = XCConfigurationList;
			buildConfigurations = (
				130206F41B0BEE7D00A5CB2C /* Debug */,
				130206F51B0BEE7D00A5CB2C /* Release */,
			);
			defaultConfigurationIsVisible = 0;
			defaultConfigurationName = Release;
		};
		130206F61B0BEE7D00A5CB2C /* Build configuration list for PBXNativeTarget "WeakStreaksTests" */ = {
			isa = XCConfigurationList;
			buildConfigurations = (
				130206F71B0BEE7D00A5CB2C /* Debug */,
				130206F81B0BEE7D00A5CB2C /* Release */,
			);
			defaultConfigurationIsVisible = 0;
			defaultConfigurationName = Release;
		};
		130207461B0BF0AE00A5CB2C /* Build configuration list for PBXNativeTarget "WeakStreaks WatchKit App" */ = {
			isa = XCConfigurationList;
			buildConfigurations = (
				130207441B0BF0AE00A5CB2C /* Debug */,
				130207451B0BF0AE00A5CB2C /* Release */,
			);
			defaultConfigurationIsVisible = 0;
			defaultConfigurationName = Release;
		};
		130207471B0BF0AE00A5CB2C /* Build configuration list for PBXNativeTarget "WeakStreaks WatchKit Extension" */ = {
			isa = XCConfigurationList;
			buildConfigurations = (
				130207421B0BF0AE00A5CB2C /* Debug */,
				130207431B0BF0AE00A5CB2C /* Release */,
			);
			defaultConfigurationIsVisible = 0;
			defaultConfigurationName = Release;
		};
/* End XCConfigurationList section */
	};
	rootObject = 130206CC1B0BEE7C00A5CB2C /* Project object */;
}
